version = 1
revision = 3
requires-python = ">=3.13"

[[package]]
name = "crowdpad-cli"
version = "0.1.0"
source = { editable = "." }
dependencies = [
    { name = "python-uinput" },
]

[package.metadata]
requires-dist = [{ name = "python-uinput", specifier = ">=1.0.1" }]

[[package]]
name = "python-uinput"
version = "1.0.1"
source = { registry = "https://pypi.org/simple" }
sdist = { url = "https://files.pythonhosted.org/packages/1d/58/f0ac92b19b3a9eda6a1d88d48bd17993d8a749600d981715b9be372ded5d/python-uinput-1.0.1.tar.gz", hash = "sha256:853697344b64df5537d4ae32ba6fbcf0515d51a9010910f5d5019959038b6eba", size = 41415, upload-time = "2024-03-17T18:55:35.7Z" }
