{
  "lockfileVersion": 1,
  "workspaces": {
    "": {
      "name": "comp-plays-server",
      "dependencies": {
        "bun": "1.2.18",
      },
      "devDependencies": {
        "@types/bun": "^1.2.18",
        "typescript": "5.8.3",
      },
    },
  },
  "packages": {
    "@oven/bun-darwin-aarch64": ["@oven/bun-darwin-aarch64@1.2.18", "", { "os": "darwin", "cpu": "arm64" }, "sha512-GNxVh9VUOQ6S0aDp4Qe80MGadGbh8BS6p3jEHXIboRoTrb/80oR0csMjGUpdwGa2hX1zTvpPBwOFXvVP9UaB0Q=="],

    "@oven/bun-darwin-x64": ["@oven/bun-darwin-x64@1.2.18", "", { "os": "darwin", "cpu": "x64" }, "sha512-/oxsG7eIkvw3rxt3V9gqY23i0ajk8m1cG/FedRj8b15GW2TgA+F9F6FQNLqxc/59SBkcrbTLoqk5EtAQwuwi/w=="],

    "@oven/bun-darwin-x64-baseline": ["@oven/bun-darwin-x64-baseline@1.2.18", "", { "os": "darwin", "cpu": "x64" }, "sha512-LT/MF4DySLjskZf4mUgVXhpDBCuGXI7+uHJTiAjinddglh7ENbrSRuM01cjlJ/dxivvekq5+w6k9gdYpHUibuw=="],

    "@oven/bun-linux-aarch64": ["@oven/bun-linux-aarch64@1.2.18", "", { "os": "linux", "cpu": "arm64" }, "sha512-0uTiUZJFS69LbYPCw963BAdP4wvUXEozbNf7vrB/3rT82x+fPZKF3C+4nfFScm+6UYusjH468vG7/g9x38jBIg=="],

    "@oven/bun-linux-aarch64-musl": ["@oven/bun-linux-aarch64-musl@1.2.18", "", { "os": "linux", "cpu": "none" }, "sha512-hk58uY6LSvDn2WDB8o/WAVCOZERYZPShUujI8rCwcDXkQRI4pbm5B5RJP5wEF0fClRI+WXxyyoBFsTKb7lbgyQ=="],

    "@oven/bun-linux-x64": ["@oven/bun-linux-x64@1.2.18", "", { "os": "linux", "cpu": "x64" }, "sha512-okHdy9+Yov5BvI19FynnvsmQUP477SNJRv33TIHxs9cpj/ClgaYXMihS+yH0LCzYDFIeojfABiIHdBVUFmxqtQ=="],

    "@oven/bun-linux-x64-baseline": ["@oven/bun-linux-x64-baseline@1.2.18", "", { "os": "linux", "cpu": "x64" }, "sha512-ERnR7gZz/YYpo/ZhRKXvY9qtsJNQnTrp5HayExfvD1achoHcYEvf3TarajRLVC7gDi7BxlaOPZyJjgdo5g0tUg=="],

    "@oven/bun-linux-x64-musl": ["@oven/bun-linux-x64-musl@1.2.18", "", { "os": "linux", "cpu": "x64" }, "sha512-Oqj8yDkObDWMlxzbhOefb+B75tgKEP4uGEFcBHXjVxSEL0lB7B7LYTvTpeDm8QPldhLs1xAN4FtzZlPUn6qI+Q=="],

    "@oven/bun-linux-x64-musl-baseline": ["@oven/bun-linux-x64-musl-baseline@1.2.18", "", { "os": "linux", "cpu": "x64" }, "sha512-u4sqExX5gdcMRdwzL16qP/xJlnxVR+fF43GGQJNopOTXDrsK33BXw3aUObHRtVkqRiK3cyubJUgTtz2ykQ4Dng=="],

    "@oven/bun-windows-x64": ["@oven/bun-windows-x64@1.2.18", "", { "os": "win32", "cpu": "x64" }, "sha512-jklsKWT9zfh8wXewKPfO7Uq8vo72esaQoGzCTTt0NKY+juXvyKaiMHEfT7v4o7cmrql3QPeVtsbp9uNAiuotgw=="],

    "@oven/bun-windows-x64-baseline": ["@oven/bun-windows-x64-baseline@1.2.18", "", { "os": "win32", "cpu": "x64" }, "sha512-n5XF3N0Kr53z4NnVWfTqS72U2rSHJlFafO70SOSzgiu26ylKTGOC9BBsvEQhKld4nKAsbp8YjpOViomrtC6bCQ=="],

    "@types/bun": ["@types/bun@1.2.18", "", { "dependencies": { "bun-types": "1.2.18" } }, "sha512-Xf6RaWVheyemaThV0kUfaAUvCNokFr+bH8Jxp+tTZfx7dAPA8z9ePnP9S9+Vspzuxxx9JRAXhnyccRj3GyCMdQ=="],

    "@types/node": ["@types/node@24.0.12", "", { "dependencies": { "undici-types": "~7.8.0" } }, "sha512-LtOrbvDf5ndC9Xi+4QZjVL0woFymF/xSTKZKPgrrl7H7XoeDvnD+E2IclKVDyaK9UM756W/3BXqSU+JEHopA9g=="],

    "@types/react": ["@types/react@19.1.8", "", { "dependencies": { "csstype": "^3.0.2" } }, "sha512-AwAfQ2Wa5bCx9WP8nZL2uMZWod7J7/JSplxbTmBQ5ms6QpqNYm672H0Vu9ZVKVngQ+ii4R/byguVEUZQyeg44g=="],

    "bun": ["bun@1.2.18", "", { "optionalDependencies": { "@oven/bun-darwin-aarch64": "1.2.18", "@oven/bun-darwin-x64": "1.2.18", "@oven/bun-darwin-x64-baseline": "1.2.18", "@oven/bun-linux-aarch64": "1.2.18", "@oven/bun-linux-aarch64-musl": "1.2.18", "@oven/bun-linux-x64": "1.2.18", "@oven/bun-linux-x64-baseline": "1.2.18", "@oven/bun-linux-x64-musl": "1.2.18", "@oven/bun-linux-x64-musl-baseline": "1.2.18", "@oven/bun-windows-x64": "1.2.18", "@oven/bun-windows-x64-baseline": "1.2.18" }, "os": [ "linux", "win32", "darwin", ], "cpu": [ "x64", "arm64", ], "bin": { "bun": "bin/bun.exe", "bunx": "bin/bunx.exe" } }, "sha512-OR+EpNckoJN4tHMVZPaTPxDj2RgpJgJwLruTIFYbO3bQMguLd0YrmkWKYqsiihcLgm2ehIjF/H1RLfZiRa7+qQ=="],

    "bun-types": ["bun-types@1.2.18", "", { "dependencies": { "@types/node": "*" }, "peerDependencies": { "@types/react": "^19" } }, "sha512-04+Eha5NP7Z0A9YgDAzMk5PHR16ZuLVa83b26kH5+cp1qZW4F6FmAURngE7INf4tKOvCE69vYvDEwoNl1tGiWw=="],

    "csstype": ["csstype@3.1.3", "", {}, "sha512-M1uQkMl8rQK/szD0LNhtqxIPLpimGm8sOBwU7lLnCpSbTyY3yeU1Vc7l4KT5zT4s/yOxHH5O7tIuuLOCnLADRw=="],

    "typescript": ["typescript@5.8.3", "", { "bin": { "tsc": "bin/tsc", "tsserver": "bin/tsserver" } }, "sha512-p1diW6TqL9L07nNxvRMM7hMMw4c5XOo/1ibL4aAIGmSAt9slTE1Xgw5KWuof2uTOvCg9BY7ZRi+GaF+7sfgPeQ=="],

    "undici-types": ["undici-types@7.8.0", "", {}, "sha512-9UJ2xGDvQ43tYyVMpuHlsgApydB8ZKfVYTsLDhXkFL/6gfkp+U8xTGdh8pMJv1SpZna0zxG1DwsKZsreLbXBxw=="],
  }
}
